
Microsoft Visual Studio Solution File, Format Version 12.00
# Visual Studio 15
VisualStudioVersion = 15.0.27004.2008
MinimumVisualStudioVersion = 10.0.40219.1
Project("{FAE04EC0-301F-11D3-BF4B-00C04F79EFBC}") = "GUI", "GUI\GUI.csproj", "{5BF1B5E5-EE4A-459F-A32A-794DA69772B3}"
EndProject
Project("{FAE04EC0-301F-11D3-BF4B-00C04F79EFBC}") = "BE", "BE\BE.csproj", "{65B7D25B-5769-4FD2-BD2C-446D284626AF}"
EndProject
Global
	GlobalSection(SolutionConfigurationPlatforms) = preSolution
		Debug|Any CPU = Debug|Any CPU
		Release|Any CPU = Release|Any CPU
	EndGlobalSection
	GlobalSection(ProjectConfigurationPlatforms) = postSolution
		{5BF1B5E5-EE4A-459F-A32A-794DA69772B3}.Debug|Any CPU.ActiveCfg = Debug|Any CPU
		{5BF1B5E5-EE4A-459F-A32A-794DA69772B3}.Debug|Any CPU.Build.0 = Debug|Any CPU
		{5BF1B5E5-EE4A-459F-A32A-794DA69772B3}.Release|Any CPU.ActiveCfg = Release|Any CPU
		{5BF1B5E5-EE4A-459F-A32A-794DA69772B3}.Release|Any CPU.Build.0 = Release|Any CPU
		{65B7D25B-5769-4FD2-BD2C-446D284626AF}.Debug|Any CPU.ActiveCfg = Debug|Any CPU
		{65B7D25B-5769-4FD2-BD2C-446D284626AF}.Debug|Any CPU.Build.0 = Debug|Any CPU
		{65B7D25B-5769-4FD2-BD2C-446D284626AF}.Release|Any CPU.ActiveCfg = Release|Any CPU
		{65B7D25B-5769-4FD2-BD2C-446D284626AF}.Release|Any CPU.Build.0 = Release|Any CPU
	EndGlobalSection
	GlobalSection(SolutionProperties) = preSolution
		HideSolutionNode = FALSE
	EndGlobalSection
	GlobalSection(ExtensibilityGlobals) = postSolution
		SolutionGuid = {96881D6D-505F-4753-979B-79705F066AE9}
	EndGlobalSection
EndGlobal
